{
  "version": "4",
  "specifiers": {
    "jsr:@std/cli@^1.0.15": "1.0.15",
    "jsr:@std/semver@^1.0.4": "1.0.4",
    "npm:zod@^3.24.2": "3.24.2"
  },
  "jsr": {
    "@std/cli@1.0.15": {
      "integrity": "e79ba3272ec710ca44d8342a7688e6288b0b88802703f3264184b52893d5e93f"
    },
    "@std/semver@1.0.4": {
      "integrity": "a62af791917d8fd6c48d6ebbb872f83fad3fc6671ffadbbd39ea229c2d34d175"
    }
  },
  "npm": {
    "zod@3.24.2": {
      "integrity": "sha512-lY7CDW43ECgW9u1TcT3IoXHflywfVqDYze4waEz812jR/bZ8FHDsl7pFQoSZTz5N+2NqRXs8GBwnAwo3ZNxqhQ=="
    }
  },
  "workspace": {
    "dependencies": [
      "jsr:@std/cli@^1.0.15",
      "jsr:@std/semver@^1.0.4",
      "npm:zod@^3.24.2"
    ]
  }
}
