{
  "version": "5",
  "specifiers": {
    "jsr:@std/cli@^1.0.17": "1.0.17",
    "jsr:@std/collections@^1.1.0": "1.1.0",
    "jsr:@std/fs@^1.0.17": "1.0.17",
    "jsr:@std/jsonc@^1.0.2": "1.0.2",
    "jsr:@std/path@^1.0.9": "1.0.9",
    "jsr:@std/semver@^1.0.5": "1.0.5",
    "jsr:@std/toml@^1.0.6": "1.0.6",
    "jsr:@std/yaml@^1.0.6": "1.0.6",
    "npm:zod@^3.25.28": "3.25.28"
  },
  "jsr": {
    "@std/cli@1.0.17": {
      "integrity": "e15b9abe629e17be90cc6216327f03a29eae613365f1353837fa749aad29ce7b"
    },
    "@std/collections@1.1.0": {
      "integrity": "2ee8761c84c3d203f7a4ecd376f9ca88a0c559817a4a54c9150f28c0b948027c"
    },
    "@std/fs@1.0.17": {
      "integrity": "1c00c632677c1158988ef7a004cb16137f870aafdb8163b9dce86ec652f3952b",
      "dependencies": [
        "jsr:@std/path"
      ]
    },
    "@std/jsonc@1.0.2": {
      "integrity": "909605dae3af22bd75b1cbda8d64a32cf1fd2cf6efa3f9e224aba6d22c0f44c7"
    },
    "@std/path@1.0.9": {
      "integrity": "260a49f11edd3db93dd38350bf9cd1b4d1366afa98e81b86167b4e3dd750129e"
    },
    "@std/semver@1.0.5": {
      "integrity": "529f79e83705714c105ad0ba55bec0f9da0f24d2f726b6cc1c15e505cc2c0624"
    },
    "@std/toml@1.0.6": {
      "integrity": "da225502aecad66d8d778a635e9b78991997c2567ef8c6dbbd595c0cfce14c51",
      "dependencies": [
        "jsr:@std/collections"
      ]
    },
    "@std/yaml@1.0.6": {
      "integrity": "c9a5a914e1d51c46756cb10e356710035cfa905e713c90d3b711413fd3aead27"
    }
  },
  "npm": {
    "zod@3.25.28": {
      "integrity": "sha512-/nt/67WYKnr5by3YS7LroZJbtcCBurDKKPBPWWzaxvVCGuG/NOsiKkrjoOhI8mJ+SQUXEbUzeB3S+6XDUEEj7Q=="
    }
  },
  "workspace": {
    "dependencies": [
      "jsr:@std/cli@^1.0.17",
      "jsr:@std/fs@^1.0.17",
      "jsr:@std/jsonc@^1.0.2",
      "jsr:@std/path@^1.0.9",
      "jsr:@std/semver@^1.0.5",
      "jsr:@std/toml@^1.0.6",
      "jsr:@std/yaml@^1.0.6",
      "npm:zod@^3.25.28"
    ]
  }
}
